{
  "nodes": {
    "nixpkgs": {
      "locked": {
        "lastModified": 1697583813,
        "narHash": "sha256-SRXK2EBMZHlOAs/5bjphhX9XnIKR6peTV6i7yoL6/Lg=",
        "owner": "NixOS",
        "repo": "nixpkgs",
        "rev": "b5f8ec6be261dfc44c3b56b220e2793d1b61512b",
        "type": "github"
      },
      "original": {
        "owner": "NixOS",
        "ref": "nixos-23.05",
        "repo": "nixpkgs",
        "type": "github"
      }
    },
    "root": {
      "inputs": {
        "nixpkgs": "nixpkgs"
      }
    }
  },
  "root": "root",
  "version": 7
}
