{
  "nodes": {
    "nixpkgs": {
      "locked": {
        "lastModified": 1697655685,
        "narHash": "sha256-79Kuv+QdgsVc+rkibuAgWHnh8IXrLBTOKg5nM0Qvux0=",
        "owner": "NixOS",
        "repo": "nixpkgs",
        "rev": "80c1aab725151632ddc2a20caeb914e76dd0673c",
        "type": "github"
      },
      "original": {
        "owner": "NixOS",
        "ref": "nixos-23.05",
        "repo": "nixpkgs",
        "type": "github"
      }
    },
    "root": {
      "inputs": {
        "nixpkgs": "nixpkgs"
      }
    }
  },
  "root": "root",
  "version": 7
}
